
Microsoft Visual Studio Solution File, Format Version 12.00
# Visual Studio Version 17
VisualStudioVersion = 17.14.36717.8 d17.14
MinimumVisualStudioVersion = 10.0.40219.1
Project("{FAE04EC0-301F-11D3-BF4B-00C04F79EFBC}") = "ChessBoard", "ChessBoard\ChessBoard.csproj", "{D27483AE-BF2A-4E1D-AD19-6B0C012E70ED}"
EndProject
Global
	GlobalSection(SolutionConfigurationPlatforms) = preSolution
		Debug|Any CPU = Debug|Any CPU
		Release|Any CPU = Release|Any CPU
	EndGlobalSection
	GlobalSection(ProjectConfigurationPlatforms) = postSolution
		{D27483AE-BF2A-4E1D-AD19-6B0C012E70ED}.Debug|Any CPU.ActiveCfg = Debug|Any CPU
		{D27483AE-BF2A-4E1D-AD19-6B0C012E70ED}.Debug|Any CPU.Build.0 = Debug|Any CPU
		{D27483AE-BF2A-4E1D-AD19-6B0C012E70ED}.Release|Any CPU.ActiveCfg = Release|Any CPU
		{D27483AE-BF2A-4E1D-AD19-6B0C012E70ED}.Release|Any CPU.Build.0 = Release|Any CPU
	EndGlobalSection
	GlobalSection(SolutionProperties) = preSolution
		HideSolutionNode = FALSE
	EndGlobalSection
	GlobalSection(ExtensibilityGlobals) = postSolution
		SolutionGuid = {7AD1BB8D-3FA9-43FD-A8C7-2DFA4E824A5B}
	EndGlobalSection
EndGlobal
